
Microsoft Visual Studio Solution File, Format Version 12.00
# Visual Studio 15
VisualStudioVersion = 15.0.27428.2043
MinimumVisualStudioVersion = 10.0.40219.1
Project("{FAE04EC0-301F-11D3-BF4B-00C04F79EFBC}") = "DonateNeedyDesignNew", "DonateNeedyDesignNew\DonateNeedyDesignNew.csproj", "{7551CD4A-0BEF-498B-93BB-1DC02BB66AB2}"
	ProjectSection(ProjectDependencies) = postProject
		{03CBD381-E72E-4848-9A7F-833920932E2B} = {03CBD381-E72E-4848-9A7F-833920932E2B}
	EndProjectSection
EndProject
Project("{FAE04EC0-301F-11D3-BF4B-00C04F79EFBC}") = "DonateNeedyNewServiceLayer", "DonateNeedyNewServiceLayer\DonateNeedyNewServiceLayer.csproj", "{03CBD381-E72E-4848-9A7F-833920932E2B}"
EndProject
Global
	GlobalSection(SolutionConfigurationPlatforms) = preSolution
		Debug|Any CPU = Debug|Any CPU
		Release|Any CPU = Release|Any CPU
	EndGlobalSection
	GlobalSection(ProjectConfigurationPlatforms) = postSolution
		{7551CD4A-0BEF-498B-93BB-1DC02BB66AB2}.Debug|Any CPU.ActiveCfg = Debug|Any CPU
		{7551CD4A-0BEF-498B-93BB-1DC02BB66AB2}.Debug|Any CPU.Build.0 = Debug|Any CPU
		{7551CD4A-0BEF-498B-93BB-1DC02BB66AB2}.Release|Any CPU.ActiveCfg = Release|Any CPU
		{7551CD4A-0BEF-498B-93BB-1DC02BB66AB2}.Release|Any CPU.Build.0 = Release|Any CPU
		{03CBD381-E72E-4848-9A7F-833920932E2B}.Debug|Any CPU.ActiveCfg = Debug|Any CPU
		{03CBD381-E72E-4848-9A7F-833920932E2B}.Debug|Any CPU.Build.0 = Debug|Any CPU
		{03CBD381-E72E-4848-9A7F-833920932E2B}.Release|Any CPU.ActiveCfg = Release|Any CPU
		{03CBD381-E72E-4848-9A7F-833920932E2B}.Release|Any CPU.Build.0 = Release|Any CPU
	EndGlobalSection
	GlobalSection(SolutionProperties) = preSolution
		HideSolutionNode = FALSE
	EndGlobalSection
	GlobalSection(ExtensibilityGlobals) = postSolution
		SolutionGuid = {3D375A18-0C22-48C6-8D25-B59DEAD6C10F}
	EndGlobalSection
EndGlobal
